
Microsoft Visual Studio Solution File, Format Version 12.00
# Visual Studio Version 17
VisualStudioVersion = 17.0.31903.59
MinimumVisualStudioVersion = 10.0.40219.1
Project("{2150E333-8FDC-42A3-9474-1A3956D46DE8}") = "src", "src", "{827E0CD3-B72D-47B6-A68D-7590B98EB39B}"
EndProject
Project("{FAE04EC0-301F-11D3-BF4B-00C04F79EFBC}") = "GsCan", "src\GsCan\GsCan.csproj", "{41132C1C-1210-447D-8774-11816B748A9B}"
EndProject
Project("{2150E333-8FDC-42A3-9474-1A3956D46DE8}") = "tests", "tests", "{0AB3BF05-4346-4AA6-1389-037BE0695223}"
EndProject
Project("{FAE04EC0-301F-11D3-BF4B-00C04F79EFBC}") = "GsCan.Tests", "tests\GsCan.Tests\GsCan.Tests.csproj", "{E656D1C7-8C39-47F1-BE28-274BF715757B}"
EndProject
Project("{FAE04EC0-301F-11D3-BF4B-00C04F79EFBC}") = "GsCan.View", "src\GsCan.View\GsCan.View.csproj", "{7228A522-25CE-4179-B64B-E38B96E3AF12}"
EndProject
Project("{FAE04EC0-301F-11D3-BF4B-00C04F79EFBC}") = "GsCan.View.Tests", "tests\GsCan.View.Tests\GsCan.View.Tests.csproj", "{912C7C0C-DCC5-4A69-B953-103CC4EBA99B}"
EndProject
Global
	GlobalSection(SolutionConfigurationPlatforms) = preSolution
		Debug|Any CPU = Debug|Any CPU
		Debug|x64 = Debug|x64
		Debug|x86 = Debug|x86
		Release|Any CPU = Release|Any CPU
		Release|x64 = Release|x64
		Release|x86 = Release|x86
	EndGlobalSection
	GlobalSection(ProjectConfigurationPlatforms) = postSolution
		{41132C1C-1210-447D-8774-11816B748A9B}.Debug|Any CPU.ActiveCfg = Debug|Any CPU
		{41132C1C-1210-447D-8774-11816B748A9B}.Debug|Any CPU.Build.0 = Debug|Any CPU
		{41132C1C-1210-447D-8774-11816B748A9B}.Debug|x64.ActiveCfg = Debug|Any CPU
		{41132C1C-1210-447D-8774-11816B748A9B}.Debug|x64.Build.0 = Debug|Any CPU
		{41132C1C-1210-447D-8774-11816B748A9B}.Debug|x86.ActiveCfg = Debug|Any CPU
		{41132C1C-1210-447D-8774-11816B748A9B}.Debug|x86.Build.0 = Debug|Any CPU
		{41132C1C-1210-447D-8774-11816B748A9B}.Release|Any CPU.ActiveCfg = Release|Any CPU
		{41132C1C-1210-447D-8774-11816B748A9B}.Release|Any CPU.Build.0 = Release|Any CPU
		{41132C1C-1210-447D-8774-11816B748A9B}.Release|x64.ActiveCfg = Release|Any CPU
		{41132C1C-1210-447D-8774-11816B748A9B}.Release|x64.Build.0 = Release|Any CPU
		{41132C1C-1210-447D-8774-11816B748A9B}.Release|x86.ActiveCfg = Release|Any CPU
		{41132C1C-1210-447D-8774-11816B748A9B}.Release|x86.Build.0 = Release|Any CPU
		{E656D1C7-8C39-47F1-BE28-274BF715757B}.Debug|Any CPU.ActiveCfg = Debug|Any CPU
		{E656D1C7-8C39-47F1-BE28-274BF715757B}.Debug|Any CPU.Build.0 = Debug|Any CPU
		{E656D1C7-8C39-47F1-BE28-274BF715757B}.Debug|x64.ActiveCfg = Debug|Any CPU
		{E656D1C7-8C39-47F1-BE28-274BF715757B}.Debug|x64.Build.0 = Debug|Any CPU
		{E656D1C7-8C39-47F1-BE28-274BF715757B}.Debug|x86.ActiveCfg = Debug|Any CPU
		{E656D1C7-8C39-47F1-BE28-274BF715757B}.Debug|x86.Build.0 = Debug|Any CPU
		{E656D1C7-8C39-47F1-BE28-274BF715757B}.Release|Any CPU.ActiveCfg = Release|Any CPU
		{E656D1C7-8C39-47F1-BE28-274BF715757B}.Release|Any CPU.Build.0 = Release|Any CPU
		{E656D1C7-8C39-47F1-BE28-274BF715757B}.Release|x64.ActiveCfg = Release|Any CPU
		{E656D1C7-8C39-47F1-BE28-274BF715757B}.Release|x64.Build.0 = Release|Any CPU
		{E656D1C7-8C39-47F1-BE28-274BF715757B}.Release|x86.ActiveCfg = Release|Any CPU
		{E656D1C7-8C39-47F1-BE28-274BF715757B}.Release|x86.Build.0 = Release|Any CPU
		{7228A522-25CE-4179-B64B-E38B96E3AF12}.Debug|Any CPU.ActiveCfg = Debug|Any CPU
		{7228A522-25CE-4179-B64B-E38B96E3AF12}.Debug|Any CPU.Build.0 = Debug|Any CPU
		{7228A522-25CE-4179-B64B-E38B96E3AF12}.Debug|x64.ActiveCfg = Debug|Any CPU
		{7228A522-25CE-4179-B64B-E38B96E3AF12}.Debug|x64.Build.0 = Debug|Any CPU
		{7228A522-25CE-4179-B64B-E38B96E3AF12}.Debug|x86.ActiveCfg = Debug|Any CPU
		{7228A522-25CE-4179-B64B-E38B96E3AF12}.Debug|x86.Build.0 = Debug|Any CPU
		{7228A522-25CE-4179-B64B-E38B96E3AF12}.Release|Any CPU.ActiveCfg = Release|Any CPU
		{7228A522-25CE-4179-B64B-E38B96E3AF12}.Release|Any CPU.Build.0 = Release|Any CPU
		{7228A522-25CE-4179-B64B-E38B96E3AF12}.Release|x64.ActiveCfg = Release|Any CPU
		{7228A522-25CE-4179-B64B-E38B96E3AF12}.Release|x64.Build.0 = Release|Any CPU
		{7228A522-25CE-4179-B64B-E38B96E3AF12}.Release|x86.ActiveCfg = Release|Any CPU
		{7228A522-25CE-4179-B64B-E38B96E3AF12}.Release|x86.Build.0 = Release|Any CPU
		{912C7C0C-DCC5-4A69-B953-103CC4EBA99B}.Debug|Any CPU.ActiveCfg = Debug|Any CPU
		{912C7C0C-DCC5-4A69-B953-103CC4EBA99B}.Debug|Any CPU.Build.0 = Debug|Any CPU
		{912C7C0C-DCC5-4A69-B953-103CC4EBA99B}.Debug|x64.ActiveCfg = Debug|Any CPU
		{912C7C0C-DCC5-4A69-B953-103CC4EBA99B}.Debug|x64.Build.0 = Debug|Any CPU
		{912C7C0C-DCC5-4A69-B953-103CC4EBA99B}.Debug|x86.ActiveCfg = Debug|Any CPU
		{912C7C0C-DCC5-4A69-B953-103CC4EBA99B}.Debug|x86.Build.0 = Debug|Any CPU
		{912C7C0C-DCC5-4A69-B953-103CC4EBA99B}.Release|Any CPU.ActiveCfg = Release|Any CPU
		{912C7C0C-DCC5-4A69-B953-103CC4EBA99B}.Release|Any CPU.Build.0 = Release|Any CPU
		{912C7C0C-DCC5-4A69-B953-103CC4EBA99B}.Release|x64.ActiveCfg = Release|Any CPU
		{912C7C0C-DCC5-4A69-B953-103CC4EBA99B}.Release|x64.Build.0 = Release|Any CPU
		{912C7C0C-DCC5-4A69-B953-103CC4EBA99B}.Release|x86.ActiveCfg = Release|Any CPU
		{912C7C0C-DCC5-4A69-B953-103CC4EBA99B}.Release|x86.Build.0 = Release|Any CPU
	EndGlobalSection
	GlobalSection(SolutionProperties) = preSolution
		HideSolutionNode = FALSE
	EndGlobalSection
	GlobalSection(NestedProjects) = preSolution
		{41132C1C-1210-447D-8774-11816B748A9B} = {827E0CD3-B72D-47B6-A68D-7590B98EB39B}
		{E656D1C7-8C39-47F1-BE28-274BF715757B} = {0AB3BF05-4346-4AA6-1389-037BE0695223}
		{7228A522-25CE-4179-B64B-E38B96E3AF12} = {827E0CD3-B72D-47B6-A68D-7590B98EB39B}
		{912C7C0C-DCC5-4A69-B953-103CC4EBA99B} = {0AB3BF05-4346-4AA6-1389-037BE0695223}
	EndGlobalSection
EndGlobal
